{
  "version": 4,
  "terraform_version": "1.14.3",
  "serial": 18,
  "lineage": "4b3ce391-dd11-c802-9a44-3082fd261744",
  "outputs": {},
  "resources": [
    {
      "mode": "managed",
      "type": "azurerm_bastion_host",
      "name": "bastion",
      "provider": "provider[\"registry.terraform.io/hashicorp/azurerm\"]",
      "instances": [
        {
          "schema_version": 0,
          "attributes": {
            "copy_paste_enabled": true,
            "dns_name": "bst-f93247d9-164b-4d12-9eea-b5d1a305ba92.bastion.azure.com",
            "file_copy_enabled": false,
            "id": "/subscriptions/c7a44bc0-035f-470c-9d0a-9f4a9b34c2d4/resourceGroups/cloudforge-rg/providers/Microsoft.Network/bastionHosts/cloudforge-bastion",
            "ip_configuration": [
              {
                "name": "configuration",
                "public_ip_address_id": "/subscriptions/c7a44bc0-035f-470c-9d0a-9f4a9b34c2d4/resourceGroups/cloudforge-rg/providers/Microsoft.Network/publicIPAddresses/cloudforge-bastion-pip",
                "subnet_id": "/subscriptions/c7a44bc0-035f-470c-9d0a-9f4a9b34c2d4/resourceGroups/cloudforge-rg/providers/Microsoft.Network/virtualNetworks/cloudforge-vnet/subnets/AzureBastionSubnet"
              }
            ],
            "ip_connect_enabled": false,
            "kerberos_enabled": false,
            "location": "westeurope",
            "name": "cloudforge-bastion",
            "private_only_enabled": false,
            "resource_group_name": "cloudforge-rg",
            "scale_units": 2,
            "session_recording_enabled": false,
            "shareable_link_enabled": false,
            "sku": "Basic",
            "tags": {
              "Owner": "ja",
              "Project": "cloudforge"
            },
            "timeouts": null,
            "tunneling_enabled": false,
            "virtual_network_id": "",
            "zones": []
          },
          "sensitive_attributes": [],
          "identity_schema_version": 0,
          "identity": {
            "name": "cloudforge-bastion",
            "resource_group_name": "cloudforge-rg",
            "subscription_id": "c7a44bc0-035f-470c-9d0a-9f4a9b34c2d4"
          },
          "private": "eyJlMmJmYjczMC1lY2FhLTExZTYtOGY4OC0zNDM2M2JjN2M0YzAiOnsiY3JlYXRlIjoxODAwMDAwMDAwMDAwLCJkZWxldGUiOjE4MDAwMDAwMDAwMDAsInJlYWQiOjMwMDAwMDAwMDAwMCwidXBkYXRlIjoxODAwMDAwMDAwMDAwfX0=",
          "dependencies": [
            "azurerm_public_ip.bastion_pip",
            "azurerm_resource_group.rg",
            "azurerm_subnet.bastion",
            "azurerm_virtual_network.vnet"
          ]
        }
      ]
    },
    {
      "mode": "managed",
      "type": "azurerm_linux_virtual_machine",
      "name": "vm",
      "provider": "provider[\"registry.terraform.io/hashicorp/azurerm\"]",
      "instances": [
        {
          "schema_version": 0,
          "attributes": {
            "additional_capabilities": [],
            "admin_password": null,
            "admin_ssh_key": [
              {
                "public_key": "ssh-ed25519 AAAAC3NzaC1lZDI1NTE5AAAAIH3xduqLEI8QMmfJq0Dn3YOPneF8mGm2ymNeJmNHzHk4 jakubk@cloudcl224amf2yuz.onmicrosoft.com",
                "username": "azureuser"
              }
            ],
            "admin_username": "azureuser",
            "allow_extension_operations": true,
            "availability_set_id": "",
            "boot_diagnostics": [],
            "bypass_platform_safety_checks_on_user_schedule_enabled": false,
            "capacity_reservation_group_id": "",
            "computer_name": "cloudforge-vm",
            "custom_data": null,
            "dedicated_host_group_id": "",
            "dedicated_host_id": "",
            "disable_password_authentication": true,
            "disk_controller_type": "",
            "edge_zone": "",
            "encryption_at_host_enabled": false,
            "eviction_policy": "",
            "extensions_time_budget": "PT1H30M",
            "gallery_application": [],
            "id": "/subscriptions/c7a44bc0-035f-470c-9d0a-9f4a9b34c2d4/resourceGroups/cloudforge-rg/providers/Microsoft.Compute/virtualMachines/cloudforge-vm",
            "identity": [],
            "license_type": "",
            "location": "westeurope",
            "max_bid_price": -1,
            "name": "cloudforge-vm",
            "network_interface_ids": [
              "/subscriptions/c7a44bc0-035f-470c-9d0a-9f4a9b34c2d4/resourceGroups/cloudforge-rg/providers/Microsoft.Network/networkInterfaces/cloudforge-vm-nic"
            ],
            "os_disk": [
              {
                "caching": "ReadWrite",
                "diff_disk_settings": [],
                "disk_encryption_set_id": "",
                "disk_size_gb": 30,
                "id": "/subscriptions/c7a44bc0-035f-470c-9d0a-9f4a9b34c2d4/resourceGroups/cloudforge-rg/providers/Microsoft.Compute/disks/cloudforge-vm_disk1_9ee9430a497440d19814ebec8802e828",
                "name": "cloudforge-vm_disk1_9ee9430a497440d19814ebec8802e828",
                "secure_vm_disk_encryption_set_id": "",
                "security_encryption_type": "",
                "storage_account_type": "Standard_LRS",
                "write_accelerator_enabled": false
              }
            ],
            "os_image_notification": [],
            "os_managed_disk_id": "/subscriptions/c7a44bc0-035f-470c-9d0a-9f4a9b34c2d4/resourceGroups/cloudforge-rg/providers/Microsoft.Compute/disks/cloudforge-vm_disk1_9ee9430a497440d19814ebec8802e828",
            "patch_assessment_mode": "ImageDefault",
            "patch_mode": "ImageDefault",
            "plan": [],
            "platform_fault_domain": -1,
            "priority": "Regular",
            "private_ip_address": "10.42.1.4",
            "private_ip_addresses": [
              "10.42.1.4"
            ],
            "provision_vm_agent": true,
            "proximity_placement_group_id": "",
            "public_ip_address": "",
            "public_ip_addresses": [],
            "reboot_setting": "",
            "resource_group_name": "cloudforge-rg",
            "secret": [],
            "secure_boot_enabled": false,
            "size": "Standard_D2s_v3",
            "source_image_id": "",
            "source_image_reference": [
              {
                "offer": "0001-com-ubuntu-server-focal",
                "publisher": "Canonical",
                "sku": "20_04-lts",
                "version": "latest"
              }
            ],
            "tags": {
              "Owner": "ja",
              "Project": "cloudforge"
            },
            "termination_notification": null,
            "timeouts": null,
            "user_data": "",
            "virtual_machine_id": "c2b3ae10-aa59-4baf-9e87-15d22f7dacb7",
            "virtual_machine_scale_set_id": "",
            "vm_agent_platform_updates_enabled": false,
            "vtpm_enabled": false,
            "zone": ""
          },
          "sensitive_attributes": [
            [
              {
                "type": "get_attr",
                "value": "admin_password"
              }
            ],
            [
              {
                "type": "get_attr",
                "value": "admin_ssh_key"
              }
            ],
            [
              {
                "type": "get_attr",
                "value": "custom_data"
              }
            ]
          ],
          "identity_schema_version": 0,
          "private": "eyJlMmJmYjczMC1lY2FhLTExZTYtOGY4OC0zNDM2M2JjN2M0YzAiOnsiY3JlYXRlIjoyNzAwMDAwMDAwMDAwLCJkZWxldGUiOjI3MDAwMDAwMDAwMDAsInJlYWQiOjMwMDAwMDAwMDAwMCwidXBkYXRlIjoyNzAwMDAwMDAwMDAwfX0=",
          "dependencies": [
            "azurerm_network_interface.vm_nic",
            "azurerm_resource_group.rg",
            "azurerm_subnet.app",
            "azurerm_virtual_network.vnet"
          ]
        }
      ]
    },
    {
      "mode": "managed",
      "type": "azurerm_nat_gateway",
      "name": "ngw",
      "provider": "provider[\"registry.terraform.io/hashicorp/azurerm\"]",
      "instances": [
        {
          "schema_version": 0,
          "attributes": {
            "id": "/subscriptions/c7a44bc0-035f-470c-9d0a-9f4a9b34c2d4/resourceGroups/cloudforge-rg/providers/Microsoft.Network/natGateways/cloudforge-natgw",
            "idle_timeout_in_minutes": 4,
            "location": "westeurope",
            "name": "cloudforge-natgw",
            "resource_group_name": "cloudforge-rg",
            "resource_guid": "db53ed27-eaed-4f93-921a-5e04ae2d5a01",
            "sku_name": "Standard",
            "tags": {
              "Owner": "ja",
              "Project": "cloudforge"
            },
            "timeouts": null,
            "zones": []
          },
          "sensitive_attributes": [],
          "identity_schema_version": 0,
          "identity": {
            "name": "cloudforge-natgw",
            "resource_group_name": "cloudforge-rg",
            "subscription_id": "c7a44bc0-035f-470c-9d0a-9f4a9b34c2d4"
          },
          "private": "eyJlMmJmYjczMC1lY2FhLTExZTYtOGY4OC0zNDM2M2JjN2M0YzAiOnsiY3JlYXRlIjozNjAwMDAwMDAwMDAwLCJkZWxldGUiOjM2MDAwMDAwMDAwMDAsInJlYWQiOjMwMDAwMDAwMDAwMCwidXBkYXRlIjozNjAwMDAwMDAwMDAwfX0=",
          "dependencies": [
            "azurerm_resource_group.rg"
          ]
        }
      ]
    },
    {
      "mode": "managed",
      "type": "azurerm_nat_gateway_public_ip_association",
      "name": "nat_pip_assoc",
      "provider": "provider[\"registry.terraform.io/hashicorp/azurerm\"]",
      "instances": [
        {
          "schema_version": 0,
          "attributes": {
            "id": "/subscriptions/c7a44bc0-035f-470c-9d0a-9f4a9b34c2d4/resourceGroups/cloudforge-rg/providers/Microsoft.Network/natGateways/cloudforge-natgw|/subscriptions/c7a44bc0-035f-470c-9d0a-9f4a9b34c2d4/resourceGroups/cloudforge-rg/providers/Microsoft.Network/publicIPAddresses/cloudforge-nat-pip",
            "nat_gateway_id": "/subscriptions/c7a44bc0-035f-470c-9d0a-9f4a9b34c2d4/resourceGroups/cloudforge-rg/providers/Microsoft.Network/natGateways/cloudforge-natgw",
            "public_ip_address_id": "/subscriptions/c7a44bc0-035f-470c-9d0a-9f4a9b34c2d4/resourceGroups/cloudforge-rg/providers/Microsoft.Network/publicIPAddresses/cloudforge-nat-pip",
            "timeouts": null
          },
          "sensitive_attributes": [],
          "identity_schema_version": 0,
          "private": "eyJlMmJmYjczMC1lY2FhLTExZTYtOGY4OC0zNDM2M2JjN2M0YzAiOnsiY3JlYXRlIjoxODAwMDAwMDAwMDAwLCJkZWxldGUiOjE4MDAwMDAwMDAwMDAsInJlYWQiOjMwMDAwMDAwMDAwMH19",
          "dependencies": [
            "azurerm_nat_gateway.ngw",
            "azurerm_public_ip.nat_pip",
            "azurerm_resource_group.rg"
          ]
        }
      ]
    },
    {
      "mode": "managed",
      "type": "azurerm_network_interface",
      "name": "vm_nic",
      "provider": "provider[\"registry.terraform.io/hashicorp/azurerm\"]",
      "instances": [
        {
          "schema_version": 0,
          "attributes": {
            "accelerated_networking_enabled": false,
            "applied_dns_servers": [],
            "auxiliary_mode": "",
            "auxiliary_sku": "",
            "dns_servers": [],
            "edge_zone": "",
            "id": "/subscriptions/c7a44bc0-035f-470c-9d0a-9f4a9b34c2d4/resourceGroups/cloudforge-rg/providers/Microsoft.Network/networkInterfaces/cloudforge-vm-nic",
            "internal_dns_name_label": "",
            "internal_domain_name_suffix": "4k04rkpsb4eexpnnmwygpdyssg.ax.internal.cloudapp.net",
            "ip_configuration": [
              {
                "gateway_load_balancer_frontend_ip_configuration_id": "",
                "name": "internal",
                "primary": true,
                "private_ip_address": "10.42.1.4",
                "private_ip_address_allocation": "Dynamic",
                "private_ip_address_version": "IPv4",
                "public_ip_address_id": "",
                "subnet_id": "/subscriptions/c7a44bc0-035f-470c-9d0a-9f4a9b34c2d4/resourceGroups/cloudforge-rg/providers/Microsoft.Network/virtualNetworks/cloudforge-vnet/subnets/app-subnet"
              }
            ],
            "ip_forwarding_enabled": false,
            "location": "westeurope",
            "mac_address": "",
            "name": "cloudforge-vm-nic",
            "private_ip_address": "10.42.1.4",
            "private_ip_addresses": [
              "10.42.1.4"
            ],
            "resource_group_name": "cloudforge-rg",
            "tags": {
              "Owner": "ja",
              "Project": "cloudforge"
            },
            "timeouts": null,
            "virtual_machine_id": ""
          },
          "sensitive_attributes": [],
          "identity_schema_version": 0,
          "identity": {
            "name": "cloudforge-vm-nic",
            "resource_group_name": "cloudforge-rg",
            "subscription_id": "c7a44bc0-035f-470c-9d0a-9f4a9b34c2d4"
          },
          "private": "eyJlMmJmYjczMC1lY2FhLTExZTYtOGY4OC0zNDM2M2JjN2M0YzAiOnsiY3JlYXRlIjoxODAwMDAwMDAwMDAwLCJkZWxldGUiOjE4MDAwMDAwMDAwMDAsInJlYWQiOjMwMDAwMDAwMDAwMCwidXBkYXRlIjoxODAwMDAwMDAwMDAwfX0=",
          "dependencies": [
            "azurerm_resource_group.rg",
            "azurerm_subnet.app",
            "azurerm_virtual_network.vnet"
          ]
        }
      ]
    },
    {
      "mode": "managed",
      "type": "azurerm_network_security_group",
      "name": "app_nsg",
      "provider": "provider[\"registry.terraform.io/hashicorp/azurerm\"]",
      "instances": [
        {
          "schema_version": 0,
          "attributes": {
            "id": "/subscriptions/c7a44bc0-035f-470c-9d0a-9f4a9b34c2d4/resourceGroups/cloudforge-rg/providers/Microsoft.Network/networkSecurityGroups/cloudforge-app-nsg",
            "location": "westeurope",
            "name": "cloudforge-app-nsg",
            "resource_group_name": "cloudforge-rg",
            "security_rule": [
              {
                "access": "Allow",
                "description": "Allow HTTP traffic from Internet",
                "destination_address_prefix": "*",
                "destination_address_prefixes": [],
                "destination_application_security_group_ids": [],
                "destination_port_range": "80",
                "destination_port_ranges": [],
                "direction": "Inbound",
                "name": "Allow-HTTP-Inbound",
                "priority": 110,
                "protocol": "Tcp",
                "source_address_prefix": "78.88.142.21",
                "source_address_prefixes": [],
                "source_application_security_group_ids": [],
                "source_port_range": "*",
                "source_port_ranges": []
              },
              {
                "access": "Allow",
                "description": "Allow egress to resources inside VNet",
                "destination_address_prefix": "*",
                "destination_address_prefixes": [],
                "destination_application_security_group_ids": [],
                "destination_port_range": "22",
                "destination_port_ranges": [],
                "direction": "Inbound",
                "name": "Allow-SSH-from-Bastion",
                "priority": 100,
                "protocol": "Tcp",
                "source_address_prefix": "GatewayManager",
                "source_address_prefixes": [],
                "source_application_security_group_ids": [],
                "source_port_range": "*",
                "source_port_ranges": []
              }
            ],
            "tags": {
              "Owner": "ja",
              "Project": "cloudforge"
            },
            "timeouts": null
          },
          "sensitive_attributes": [],
          "identity_schema_version": 0,
          "identity": {
            "name": "cloudforge-app-nsg",
            "resource_group_name": "cloudforge-rg",
            "subscription_id": "c7a44bc0-035f-470c-9d0a-9f4a9b34c2d4"
          },
          "private": "eyJlMmJmYjczMC1lY2FhLTExZTYtOGY4OC0zNDM2M2JjN2M0YzAiOnsiY3JlYXRlIjoxODAwMDAwMDAwMDAwLCJkZWxldGUiOjE4MDAwMDAwMDAwMDAsInJlYWQiOjMwMDAwMDAwMDAwMCwidXBkYXRlIjoxODAwMDAwMDAwMDAwfX0=",
          "dependencies": [
            "azurerm_resource_group.rg"
          ]
        }
      ]
    },
    {
      "mode": "managed",
      "type": "azurerm_public_ip",
      "name": "bastion_pip",
      "provider": "provider[\"registry.terraform.io/hashicorp/azurerm\"]",
      "instances": [
        {
          "schema_version": 0,
          "attributes": {
            "allocation_method": "Static",
            "ddos_protection_mode": "VirtualNetworkInherited",
            "ddos_protection_plan_id": null,
            "domain_name_label": "",
            "domain_name_label_scope": "",
            "edge_zone": "",
            "fqdn": "",
            "id": "/subscriptions/c7a44bc0-035f-470c-9d0a-9f4a9b34c2d4/resourceGroups/cloudforge-rg/providers/Microsoft.Network/publicIPAddresses/cloudforge-bastion-pip",
            "idle_timeout_in_minutes": 4,
            "ip_address": "20.4.49.167",
            "ip_tags": {},
            "ip_version": "IPv4",
            "location": "westeurope",
            "name": "cloudforge-bastion-pip",
            "public_ip_prefix_id": null,
            "resource_group_name": "cloudforge-rg",
            "reverse_fqdn": "",
            "sku": "Standard",
            "sku_tier": "Regional",
            "tags": {
              "Owner": "ja",
              "Project": "cloudforge"
            },
            "timeouts": null,
            "zones": []
          },
          "sensitive_attributes": [],
          "identity_schema_version": 0,
          "identity": {
            "name": "cloudforge-bastion-pip",
            "resource_group_name": "cloudforge-rg",
            "subscription_id": "c7a44bc0-035f-470c-9d0a-9f4a9b34c2d4"
          },
          "private": "eyJlMmJmYjczMC1lY2FhLTExZTYtOGY4OC0zNDM2M2JjN2M0YzAiOnsiY3JlYXRlIjoxODAwMDAwMDAwMDAwLCJkZWxldGUiOjE4MDAwMDAwMDAwMDAsInJlYWQiOjMwMDAwMDAwMDAwMCwidXBkYXRlIjoxODAwMDAwMDAwMDAwfX0=",
          "dependencies": [
            "azurerm_resource_group.rg"
          ]
        }
      ]
    },
    {
      "mode": "managed",
      "type": "azurerm_public_ip",
      "name": "nat_pip",
      "provider": "provider[\"registry.terraform.io/hashicorp/azurerm\"]",
      "instances": [
        {
          "schema_version": 0,
          "attributes": {
            "allocation_method": "Static",
            "ddos_protection_mode": "VirtualNetworkInherited",
            "ddos_protection_plan_id": null,
            "domain_name_label": "",
            "domain_name_label_scope": "",
            "edge_zone": "",
            "fqdn": "",
            "id": "/subscriptions/c7a44bc0-035f-470c-9d0a-9f4a9b34c2d4/resourceGroups/cloudforge-rg/providers/Microsoft.Network/publicIPAddresses/cloudforge-nat-pip",
            "idle_timeout_in_minutes": 4,
            "ip_address": "20.123.167.19",
            "ip_tags": {},
            "ip_version": "IPv4",
            "location": "westeurope",
            "name": "cloudforge-nat-pip",
            "public_ip_prefix_id": null,
            "resource_group_name": "cloudforge-rg",
            "reverse_fqdn": "",
            "sku": "Standard",
            "sku_tier": "Regional",
            "tags": {
              "Owner": "ja",
              "Project": "cloudforge"
            },
            "timeouts": null,
            "zones": []
          },
          "sensitive_attributes": [],
          "identity_schema_version": 0,
          "identity": {
            "name": "cloudforge-nat-pip",
            "resource_group_name": "cloudforge-rg",
            "subscription_id": "c7a44bc0-035f-470c-9d0a-9f4a9b34c2d4"
          },
          "private": "eyJlMmJmYjczMC1lY2FhLTExZTYtOGY4OC0zNDM2M2JjN2M0YzAiOnsiY3JlYXRlIjoxODAwMDAwMDAwMDAwLCJkZWxldGUiOjE4MDAwMDAwMDAwMDAsInJlYWQiOjMwMDAwMDAwMDAwMCwidXBkYXRlIjoxODAwMDAwMDAwMDAwfX0=",
          "dependencies": [
            "azurerm_resource_group.rg"
          ]
        }
      ]
    },
    {
      "mode": "managed",
      "type": "azurerm_resource_group",
      "name": "rg",
      "provider": "provider[\"registry.terraform.io/hashicorp/azurerm\"]",
      "instances": [
        {
          "schema_version": 0,
          "attributes": {
            "id": "/subscriptions/c7a44bc0-035f-470c-9d0a-9f4a9b34c2d4/resourceGroups/cloudforge-rg",
            "location": "westeurope",
            "managed_by": "",
            "name": "cloudforge-rg",
            "tags": {
              "Owner": "ja",
              "Project": "cloudforge"
            },
            "timeouts": null
          },
          "sensitive_attributes": [],
          "identity_schema_version": 0,
          "identity": {
            "name": "cloudforge-rg",
            "subscription_id": "c7a44bc0-035f-470c-9d0a-9f4a9b34c2d4"
          },
          "private": "eyJlMmJmYjczMC1lY2FhLTExZTYtOGY4OC0zNDM2M2JjN2M0YzAiOnsiY3JlYXRlIjo1NDAwMDAwMDAwMDAwLCJkZWxldGUiOjU0MDAwMDAwMDAwMDAsInJlYWQiOjMwMDAwMDAwMDAwMCwidXBkYXRlIjo1NDAwMDAwMDAwMDAwfX0="
        }
      ]
    },
    {
      "mode": "managed",
      "type": "azurerm_subnet",
      "name": "app",
      "provider": "provider[\"registry.terraform.io/hashicorp/azurerm\"]",
      "instances": [
        {
          "schema_version": 0,
          "attributes": {
            "address_prefixes": [
              "10.42.1.0/24"
            ],
            "default_outbound_access_enabled": true,
            "delegation": [],
            "id": "/subscriptions/c7a44bc0-035f-470c-9d0a-9f4a9b34c2d4/resourceGroups/cloudforge-rg/providers/Microsoft.Network/virtualNetworks/cloudforge-vnet/subnets/app-subnet",
            "ip_address_pool": [],
            "name": "app-subnet",
            "private_endpoint_network_policies": "Disabled",
            "private_link_service_network_policies_enabled": true,
            "resource_group_name": "cloudforge-rg",
            "service_endpoint_policy_ids": [],
            "service_endpoints": [],
            "sharing_scope": "",
            "timeouts": null,
            "virtual_network_name": "cloudforge-vnet"
          },
          "sensitive_attributes": [],
          "identity_schema_version": 0,
          "identity": {
            "name": "app-subnet",
            "resource_group_name": "cloudforge-rg",
            "subscription_id": "c7a44bc0-035f-470c-9d0a-9f4a9b34c2d4",
            "virtual_network_name": "cloudforge-vnet"
          },
          "private": "eyJlMmJmYjczMC1lY2FhLTExZTYtOGY4OC0zNDM2M2JjN2M0YzAiOnsiY3JlYXRlIjoxODAwMDAwMDAwMDAwLCJkZWxldGUiOjE4MDAwMDAwMDAwMDAsInJlYWQiOjMwMDAwMDAwMDAwMCwidXBkYXRlIjoxODAwMDAwMDAwMDAwfX0=",
          "dependencies": [
            "azurerm_resource_group.rg",
            "azurerm_virtual_network.vnet"
          ]
        }
      ]
    },
    {
      "mode": "managed",
      "type": "azurerm_subnet",
      "name": "bastion",
      "provider": "provider[\"registry.terraform.io/hashicorp/azurerm\"]",
      "instances": [
        {
          "schema_version": 0,
          "attributes": {
            "address_prefixes": [
              "10.42.0.0/26"
            ],
            "default_outbound_access_enabled": true,
            "delegation": [],
            "id": "/subscriptions/c7a44bc0-035f-470c-9d0a-9f4a9b34c2d4/resourceGroups/cloudforge-rg/providers/Microsoft.Network/virtualNetworks/cloudforge-vnet/subnets/AzureBastionSubnet",
            "ip_address_pool": [],
            "name": "AzureBastionSubnet",
            "private_endpoint_network_policies": "Disabled",
            "private_link_service_network_policies_enabled": true,
            "resource_group_name": "cloudforge-rg",
            "service_endpoint_policy_ids": [],
            "service_endpoints": [],
            "sharing_scope": "",
            "timeouts": null,
            "virtual_network_name": "cloudforge-vnet"
          },
          "sensitive_attributes": [],
          "identity_schema_version": 0,
          "identity": {
            "name": "AzureBastionSubnet",
            "resource_group_name": "cloudforge-rg",
            "subscription_id": "c7a44bc0-035f-470c-9d0a-9f4a9b34c2d4",
            "virtual_network_name": "cloudforge-vnet"
          },
          "private": "eyJlMmJmYjczMC1lY2FhLTExZTYtOGY4OC0zNDM2M2JjN2M0YzAiOnsiY3JlYXRlIjoxODAwMDAwMDAwMDAwLCJkZWxldGUiOjE4MDAwMDAwMDAwMDAsInJlYWQiOjMwMDAwMDAwMDAwMCwidXBkYXRlIjoxODAwMDAwMDAwMDAwfX0=",
          "dependencies": [
            "azurerm_resource_group.rg",
            "azurerm_virtual_network.vnet"
          ]
        }
      ]
    },
    {
      "mode": "managed",
      "type": "azurerm_subnet_network_security_group_association",
      "name": "app_nsg_assoc",
      "provider": "provider[\"registry.terraform.io/hashicorp/azurerm\"]",
      "instances": [
        {
          "schema_version": 0,
          "attributes": {
            "id": "/subscriptions/c7a44bc0-035f-470c-9d0a-9f4a9b34c2d4/resourceGroups/cloudforge-rg/providers/Microsoft.Network/virtualNetworks/cloudforge-vnet/subnets/app-subnet",
            "network_security_group_id": "/subscriptions/c7a44bc0-035f-470c-9d0a-9f4a9b34c2d4/resourceGroups/cloudforge-rg/providers/Microsoft.Network/networkSecurityGroups/cloudforge-app-nsg",
            "subnet_id": "/subscriptions/c7a44bc0-035f-470c-9d0a-9f4a9b34c2d4/resourceGroups/cloudforge-rg/providers/Microsoft.Network/virtualNetworks/cloudforge-vnet/subnets/app-subnet",
            "timeouts": null
          },
          "sensitive_attributes": [],
          "identity_schema_version": 0,
          "private": "eyJlMmJmYjczMC1lY2FhLTExZTYtOGY4OC0zNDM2M2JjN2M0YzAiOnsiY3JlYXRlIjoxODAwMDAwMDAwMDAwLCJkZWxldGUiOjE4MDAwMDAwMDAwMDAsInJlYWQiOjMwMDAwMDAwMDAwMH19",
          "dependencies": [
            "azurerm_network_security_group.app_nsg",
            "azurerm_resource_group.rg",
            "azurerm_subnet.app",
            "azurerm_virtual_network.vnet"
          ]
        }
      ]
    },
    {
      "mode": "managed",
      "type": "azurerm_virtual_network",
      "name": "vnet",
      "provider": "provider[\"registry.terraform.io/hashicorp/azurerm\"]",
      "instances": [
        {
          "schema_version": 0,
          "attributes": {
            "address_space": [
              "10.42.0.0/16"
            ],
            "bgp_community": "",
            "ddos_protection_plan": [],
            "dns_servers": [],
            "edge_zone": "",
            "encryption": [],
            "flow_timeout_in_minutes": 0,
            "guid": "a9e8b5f2-0ff2-4b88-bdad-65b0678f1296",
            "id": "/subscriptions/c7a44bc0-035f-470c-9d0a-9f4a9b34c2d4/resourceGroups/cloudforge-rg/providers/Microsoft.Network/virtualNetworks/cloudforge-vnet",
            "ip_address_pool": [],
            "location": "westeurope",
            "name": "cloudforge-vnet",
            "private_endpoint_vnet_policies": "Disabled",
            "resource_group_name": "cloudforge-rg",
            "subnet": [
              {
                "address_prefixes": [
                  "10.42.0.0/26"
                ],
                "default_outbound_access_enabled": true,
                "delegation": [],
                "id": "/subscriptions/c7a44bc0-035f-470c-9d0a-9f4a9b34c2d4/resourceGroups/cloudforge-rg/providers/Microsoft.Network/virtualNetworks/cloudforge-vnet/subnets/AzureBastionSubnet",
                "name": "AzureBastionSubnet",
                "private_endpoint_network_policies": "Disabled",
                "private_link_service_network_policies_enabled": true,
                "route_table_id": "",
                "security_group": "",
                "service_endpoint_policy_ids": [],
                "service_endpoints": []
              },
              {
                "address_prefixes": [
                  "10.42.1.0/24"
                ],
                "default_outbound_access_enabled": true,
                "delegation": [],
                "id": "/subscriptions/c7a44bc0-035f-470c-9d0a-9f4a9b34c2d4/resourceGroups/cloudforge-rg/providers/Microsoft.Network/virtualNetworks/cloudforge-vnet/subnets/app-subnet",
                "name": "app-subnet",
                "private_endpoint_network_policies": "Disabled",
                "private_link_service_network_policies_enabled": true,
                "route_table_id": "",
                "security_group": "/subscriptions/c7a44bc0-035f-470c-9d0a-9f4a9b34c2d4/resourceGroups/cloudforge-rg/providers/Microsoft.Network/networkSecurityGroups/cloudforge-app-nsg",
                "service_endpoint_policy_ids": [],
                "service_endpoints": []
              }
            ],
            "tags": {
              "Owner": "ja",
              "Project": "cloudforge"
            },
            "timeouts": null
          },
          "sensitive_attributes": [],
          "identity_schema_version": 0,
          "identity": {
            "name": "cloudforge-vnet",
            "resource_group_name": "cloudforge-rg",
            "subscription_id": "c7a44bc0-035f-470c-9d0a-9f4a9b34c2d4"
          },
          "private": "eyJlMmJmYjczMC1lY2FhLTExZTYtOGY4OC0zNDM2M2JjN2M0YzAiOnsiY3JlYXRlIjoxODAwMDAwMDAwMDAwLCJkZWxldGUiOjE4MDAwMDAwMDAwMDAsInJlYWQiOjMwMDAwMDAwMDAwMCwidXBkYXRlIjoxODAwMDAwMDAwMDAwfX0=",
          "dependencies": [
            "azurerm_resource_group.rg"
          ]
        }
      ]
    }
  ],
  "check_results": null
}
